
Microsoft Visual Studio Solution File, Format Version 12.00
# Visual Studio Version 16
VisualStudioVersion = 16.0.30523.141
MinimumVisualStudioVersion = 10.0.40219.1
Project("{8BC9CEB8-8B4A-11D0-8D11-00A0C91BC942}") = "MiniNVR", "MiniNVR\MiniNVR.vcxproj", "{FB86A8D8-AE9B-4CC9-8706-58BCD1365055}"
EndProject
Project("{8BC9CEB8-8B4A-11D0-8D11-00A0C91BC942}") = "libNVRLiveStreamer", "libNVRLiveStreamer\libNVRLiveStreamer.vcxproj", "{2793C23F-2659-43B0-A348-9D84729115AD}"
EndProject
Project("{8BC9CEB8-8B4A-11D0-8D11-00A0C91BC942}") = "libH2645BitstreamParser", "libH2645BitstreamParser\libH2645BitstreamParser.vcxproj", "{E01F4E9B-17C7-40A5-A7C4-B003F19CF169}"
EndProject
Project("{8BC9CEB8-8B4A-11D0-8D11-00A0C91BC942}") = "libRTSPReceiver", "libRTSPReceiver\libRTSPReceiver.vcxproj", "{3B273B72-A8A2-40BC-854C-85B0C54E2BB6}"
EndProject
Project("{8BC9CEB8-8B4A-11D0-8D11-00A0C91BC942}") = "libFragmentedMP4Muxer", "libFragmentedMP4Muxer\libFragmentedMP4Muxer.vcxproj", "{7BC9F679-0CE5-462D-A871-FB9799D23723}"
EndProject
Project("{8BC9CEB8-8B4A-11D0-8D11-00A0C91BC942}") = "libTimestampGenerator", "libTimestampGenerator\libTimestampGenerator.vcxproj", "{E910C0D4-EDBE-4D80-ADFF-A1AC72D92FE1}"
EndProject
Global
	GlobalSection(SolutionConfigurationPlatforms) = preSolution
		Debug|x64 = Debug|x64
		Debug|x86 = Debug|x86
		Release|x64 = Release|x64
		Release|x86 = Release|x86
	EndGlobalSection
	GlobalSection(ProjectConfigurationPlatforms) = postSolution
		{FB86A8D8-AE9B-4CC9-8706-58BCD1365055}.Debug|x64.ActiveCfg = Debug|x64
		{FB86A8D8-AE9B-4CC9-8706-58BCD1365055}.Debug|x64.Build.0 = Debug|x64
		{FB86A8D8-AE9B-4CC9-8706-58BCD1365055}.Debug|x86.ActiveCfg = Debug|Win32
		{FB86A8D8-AE9B-4CC9-8706-58BCD1365055}.Debug|x86.Build.0 = Debug|Win32
		{FB86A8D8-AE9B-4CC9-8706-58BCD1365055}.Release|x64.ActiveCfg = Release|x64
		{FB86A8D8-AE9B-4CC9-8706-58BCD1365055}.Release|x64.Build.0 = Release|x64
		{FB86A8D8-AE9B-4CC9-8706-58BCD1365055}.Release|x86.ActiveCfg = Release|Win32
		{FB86A8D8-AE9B-4CC9-8706-58BCD1365055}.Release|x86.Build.0 = Release|Win32
		{2793C23F-2659-43B0-A348-9D84729115AD}.Debug|x64.ActiveCfg = Debug|x64
		{2793C23F-2659-43B0-A348-9D84729115AD}.Debug|x64.Build.0 = Debug|x64
		{2793C23F-2659-43B0-A348-9D84729115AD}.Debug|x86.ActiveCfg = Debug|Win32
		{2793C23F-2659-43B0-A348-9D84729115AD}.Debug|x86.Build.0 = Debug|Win32
		{2793C23F-2659-43B0-A348-9D84729115AD}.Release|x64.ActiveCfg = Release|x64
		{2793C23F-2659-43B0-A348-9D84729115AD}.Release|x64.Build.0 = Release|x64
		{2793C23F-2659-43B0-A348-9D84729115AD}.Release|x86.ActiveCfg = Release|Win32
		{2793C23F-2659-43B0-A348-9D84729115AD}.Release|x86.Build.0 = Release|Win32
		{E01F4E9B-17C7-40A5-A7C4-B003F19CF169}.Debug|x64.ActiveCfg = Debug|x64
		{E01F4E9B-17C7-40A5-A7C4-B003F19CF169}.Debug|x64.Build.0 = Debug|x64
		{E01F4E9B-17C7-40A5-A7C4-B003F19CF169}.Debug|x86.ActiveCfg = Debug|Win32
		{E01F4E9B-17C7-40A5-A7C4-B003F19CF169}.Debug|x86.Build.0 = Debug|Win32
		{E01F4E9B-17C7-40A5-A7C4-B003F19CF169}.Release|x64.ActiveCfg = Release|x64
		{E01F4E9B-17C7-40A5-A7C4-B003F19CF169}.Release|x64.Build.0 = Release|x64
		{E01F4E9B-17C7-40A5-A7C4-B003F19CF169}.Release|x86.ActiveCfg = Release|Win32
		{E01F4E9B-17C7-40A5-A7C4-B003F19CF169}.Release|x86.Build.0 = Release|Win32
		{3B273B72-A8A2-40BC-854C-85B0C54E2BB6}.Debug|x64.ActiveCfg = Debug|x64
		{3B273B72-A8A2-40BC-854C-85B0C54E2BB6}.Debug|x64.Build.0 = Debug|x64
		{3B273B72-A8A2-40BC-854C-85B0C54E2BB6}.Debug|x86.ActiveCfg = Debug|Win32
		{3B273B72-A8A2-40BC-854C-85B0C54E2BB6}.Debug|x86.Build.0 = Debug|Win32
		{3B273B72-A8A2-40BC-854C-85B0C54E2BB6}.Release|x64.ActiveCfg = Release|x64
		{3B273B72-A8A2-40BC-854C-85B0C54E2BB6}.Release|x64.Build.0 = Release|x64
		{3B273B72-A8A2-40BC-854C-85B0C54E2BB6}.Release|x86.ActiveCfg = Release|Win32
		{3B273B72-A8A2-40BC-854C-85B0C54E2BB6}.Release|x86.Build.0 = Release|Win32
		{7BC9F679-0CE5-462D-A871-FB9799D23723}.Debug|x64.ActiveCfg = Debug|x64
		{7BC9F679-0CE5-462D-A871-FB9799D23723}.Debug|x64.Build.0 = Debug|x64
		{7BC9F679-0CE5-462D-A871-FB9799D23723}.Debug|x86.ActiveCfg = Debug|Win32
		{7BC9F679-0CE5-462D-A871-FB9799D23723}.Debug|x86.Build.0 = Debug|Win32
		{7BC9F679-0CE5-462D-A871-FB9799D23723}.Release|x64.ActiveCfg = Release|x64
		{7BC9F679-0CE5-462D-A871-FB9799D23723}.Release|x64.Build.0 = Release|x64
		{7BC9F679-0CE5-462D-A871-FB9799D23723}.Release|x86.ActiveCfg = Release|Win32
		{7BC9F679-0CE5-462D-A871-FB9799D23723}.Release|x86.Build.0 = Release|Win32
		{E910C0D4-EDBE-4D80-ADFF-A1AC72D92FE1}.Debug|x64.ActiveCfg = Debug|x64
		{E910C0D4-EDBE-4D80-ADFF-A1AC72D92FE1}.Debug|x64.Build.0 = Debug|x64
		{E910C0D4-EDBE-4D80-ADFF-A1AC72D92FE1}.Debug|x86.ActiveCfg = Debug|Win32
		{E910C0D4-EDBE-4D80-ADFF-A1AC72D92FE1}.Debug|x86.Build.0 = Debug|Win32
		{E910C0D4-EDBE-4D80-ADFF-A1AC72D92FE1}.Release|x64.ActiveCfg = Release|x64
		{E910C0D4-EDBE-4D80-ADFF-A1AC72D92FE1}.Release|x64.Build.0 = Release|x64
		{E910C0D4-EDBE-4D80-ADFF-A1AC72D92FE1}.Release|x86.ActiveCfg = Release|Win32
		{E910C0D4-EDBE-4D80-ADFF-A1AC72D92FE1}.Release|x86.Build.0 = Release|Win32
	EndGlobalSection
	GlobalSection(SolutionProperties) = preSolution
		HideSolutionNode = FALSE
	EndGlobalSection
	GlobalSection(ExtensibilityGlobals) = postSolution
		SolutionGuid = {10FEABDC-7AE1-4B01-967F-2300FBE45FA1}
	EndGlobalSection
EndGlobal
